
Microsoft Visual Studio Solution File, Format Version 12.00
# Visual Studio Version 17
VisualStudioVersion = 17.4.33213.308
MinimumVisualStudioVersion = 10.0.40219.1
Project("{8BC9CEB8-8B4A-11D0-8D11-00A0C91BC942}") = "ConsoleApplication1", "ConsoleApplication1.vcxproj", "{8EAAABEB-D4AD-4071-9D03-3D3EE6DAFD1A}"
EndProject
Global
	GlobalSection(SolutionConfigurationPlatforms) = preSolution
		Debug|x64 = Debug|x64
		Debug|x86 = Debug|x86
		Release|x64 = Release|x64
		Release|x86 = Release|x86
	EndGlobalSection
	GlobalSection(ProjectConfigurationPlatforms) = postSolution
		{8EAAABEB-D4AD-4071-9D03-3D3EE6DAFD1A}.Debug|x64.ActiveCfg = Debug|x64
		{8EAAABEB-D4AD-4071-9D03-3D3EE6DAFD1A}.Debug|x64.Build.0 = Debug|x64
		{8EAAABEB-D4AD-4071-9D03-3D3EE6DAFD1A}.Debug|x86.ActiveCfg = Debug|Win32
		{8EAAABEB-D4AD-4071-9D03-3D3EE6DAFD1A}.Debug|x86.Build.0 = Debug|Win32
		{8EAAABEB-D4AD-4071-9D03-3D3EE6DAFD1A}.Release|x64.ActiveCfg = Release|x64
		{8EAAABEB-D4AD-4071-9D03-3D3EE6DAFD1A}.Release|x64.Build.0 = Release|x64
		{8EAAABEB-D4AD-4071-9D03-3D3EE6DAFD1A}.Release|x86.ActiveCfg = Release|Win32
		{8EAAABEB-D4AD-4071-9D03-3D3EE6DAFD1A}.Release|x86.Build.0 = Release|Win32
	EndGlobalSection
	GlobalSection(SolutionProperties) = preSolution
		HideSolutionNode = FALSE
	EndGlobalSection
	GlobalSection(ExtensibilityGlobals) = postSolution
		SolutionGuid = {5DBC33BC-9BF6-45CA-B1F5-E30DCE11E287}
	EndGlobalSection
EndGlobal
